github.com/creack/pty v1.1.15/go.mod h1:MOBLtS5ELjhRRrroQr9kyvTxUAFNvYEK993ew/Vr4O4=
github.com/mattn/go-isatty v0.0.13/go.mod h1:cbi8OIDigv2wuxKPP5vlRcQ1OAZbq2CE4Kysco4FUpU=
go.etcd.io/bbolt v1.3.6/go.mod h1:qXsaaIqmgQH0T+OPdb99Bf+PKfBBQVAdyD6TY9G8XM4=
golang.org/x/sys v0.0.0-20200116001909-b77594299b42/go.mod h1:h1NjWce9XRLGQEsW7wpKNCjG9DtNlClVuFLEZdDNbEs=
golang.org/x/sys v0.0.0-20200923182605-d9f96fdee20d/go.mod h1:h1NjWce9XRLGQEsW7wpKNCjG9DtNlClVuFLEZdDNbEs=
golang.org/x/sys v0.0.0-20210820121016-41cdb8703e55/go.mod h1:oPkhp1MJrh7nUepCBck5+mAzfO9JrbApNNgaTdGDITg=
src.elv.sh v0.16.0-rc1.0.20211013225714-6a92571a2305 h1:DBck6IU477qFM7t4OqsVQlDvDESv4wEO+LGrAACaqn8=
src.elv.sh v0.16.0-rc1.0.20211013225714-6a92571a2305/go.mod h1:3MZAMjlHbDRXi5aHRlvoiyL1j65Zq83RvKj3e1eJS5k=
